
Microsoft Visual Studio Solution File, Format Version 12.00
# Visual Studio Version 17
VisualStudioVersion = 17.12.35514.174 d17.12
MinimumVisualStudioVersion = 10.0.40219.1
Project("{FAE04EC0-301F-11D3-BF4B-00C04F79EFBC}") = "20241128_Neil_SheetRestart", "20241128_Neil_SheetRestart\20241128_Neil_SheetRestart.csproj", "{F858852F-C915-489A-B598-72A3E7818EE9}"
EndProject
Global
	GlobalSection(SolutionConfigurationPlatforms) = preSolution
		Debug|Any CPU = Debug|Any CPU
		Release|Any CPU = Release|Any CPU
	EndGlobalSection
	GlobalSection(ProjectConfigurationPlatforms) = postSolution
		{F858852F-C915-489A-B598-72A3E7818EE9}.Debug|Any CPU.ActiveCfg = Debug|Any CPU
		{F858852F-C915-489A-B598-72A3E7818EE9}.Debug|Any CPU.Build.0 = Debug|Any CPU
		{F858852F-C915-489A-B598-72A3E7818EE9}.Release|Any CPU.ActiveCfg = Release|Any CPU
		{F858852F-C915-489A-B598-72A3E7818EE9}.Release|Any CPU.Build.0 = Release|Any CPU
	EndGlobalSection
	GlobalSection(SolutionProperties) = preSolution
		HideSolutionNode = FALSE
	EndGlobalSection
EndGlobal
